// !$*UTF8*$!
{
	archiveVersion = 1;
	classes = {
	};
	objectVersion = 46;
	objects = {

/* Begin PBXBuildFile section */
		8C9CB2DE1AC47048001FCD84 /* LembreteViewController.m in Sources */ = {isa = PBXBuildFile; fileRef = 8C9CB2DD1AC47048001FCD84 /* LembreteViewController.m */; };
		8C9CB2E11AC4725D001FCD84 /* HorariosViewController.m in Sources */ = {isa = PBXBuildFile; fileRef = 8C9CB2E01AC4725D001FCD84 /* HorariosViewController.m */; };
		D509A8781AC46E8A00136CED /* TableViewCell.m in Sources */ = {isa = PBXBuildFile; fileRef = D509A8771AC46E8A00136CED /* TableViewCell.m */; };
		D53852A11AC31CD10015BC19 /* main.m in Sources */ = {isa = PBXBuildFile; fileRef = D53852A01AC31CD10015BC19 /* main.m */; };
		D53852A41AC31CD10015BC19 /* AppDelegate.m in Sources */ = {isa = PBXBuildFile; fileRef = D53852A31AC31CD10015BC19 /* AppDelegate.m */; };
		D53852A71AC31CD10015BC19 /* MasterViewController.m in Sources */ = {isa = PBXBuildFile; fileRef = D53852A61AC31CD10015BC19 /* MasterViewController.m */; };
		D53852AA1AC31CD10015BC19 /* DetailViewController.m in Sources */ = {isa = PBXBuildFile; fileRef = D53852A91AC31CD10015BC19 /* DetailViewController.m */; };
		D53852AD1AC31CD10015BC19 /* Main.storyboard in Resources */ = {isa = PBXBuildFile; fileRef = D53852AB1AC31CD10015BC19 /* Main.storyboard */; };
		D53852AF1AC31CD10015BC19 /* Images.xcassets in Resources */ = {isa = PBXBuildFile; fileRef = D53852AE1AC31CD10015BC19 /* Images.xcassets */; };
		D53852B21AC31CD10015BC19 /* LaunchScreen.xib in Resources */ = {isa = PBXBuildFile; fileRef = D53852B01AC31CD10015BC19 /* LaunchScreen.xib */; };
		D53852BE1AC31CD10015BC19 /* RemedioJaTests.m in Sources */ = {isa = PBXBuildFile; fileRef = D53852BD1AC31CD10015BC19 /* RemedioJaTests.m */; };
		D53852C81AC31CE90015BC19 /* libxml2.dylib in Frameworks */ = {isa = PBXBuildFile; fileRef = D53852C71AC31CE90015BC19 /* libxml2.dylib */; };
		D53852CF1AC31CFE0015BC19 /* TFHpple.m in Sources */ = {isa = PBXBuildFile; fileRef = D53852CA1AC31CFE0015BC19 /* TFHpple.m */; };
		D53852D01AC31CFE0015BC19 /* TFHppleElement.m in Sources */ = {isa = PBXBuildFile; fileRef = D53852CC1AC31CFE0015BC19 /* TFHppleElement.m */; };
		D53852D11AC31CFE0015BC19 /* XPathQuery.m in Sources */ = {isa = PBXBuildFile; fileRef = D53852CE1AC31CFE0015BC19 /* XPathQuery.m */; };
		D53852DA1AC31F2B0015BC19 /* Farmacia.m in Sources */ = {isa = PBXBuildFile; fileRef = D53852D91AC31F2B0015BC19 /* Farmacia.m */; };
		D53852DD1AC32FA30015BC19 /* Remedio.m in Sources */ = {isa = PBXBuildFile; fileRef = D53852DC1AC32FA30015BC19 /* Remedio.m */; };
		D5C112A01AC4D01100BB8A0F /* FamaciaCell.m in Sources */ = {isa = PBXBuildFile; fileRef = D5C1129F1AC4D01100BB8A0F /* FamaciaCell.m */; };
		D5C112A31AC4E7A200BB8A0F /* WebViewController.m in Sources */ = {isa = PBXBuildFile; fileRef = D5C112A21AC4E7A200BB8A0F /* WebViewController.m */; };
/* End PBXBuildFile section */

/* Begin PBXContainerItemProxy section */
		D53852B81AC31CD10015BC19 /* PBXContainerItemProxy */ = {
			isa = PBXContainerItemProxy;
			containerPortal = D53852931AC31CD10015BC19 /* Project object */;
			proxyType = 1;
			remoteGlobalIDString = D538529A1AC31CD10015BC19;
			remoteInfo = RemedioJa;
		};
/* End PBXContainerItemProxy section */

/* Begin PBXFileReference section */
		8C9CB2DC1AC47048001FCD84 /* LembreteViewController.h */ = {isa = PBXFileReference; fileEncoding = 4; lastKnownFileType = sourcecode.c.h; path = LembreteViewController.h; sourceTree = "<group>"; };
		8C9CB2DD1AC47048001FCD84 /* LembreteViewController.m */ = {isa = PBXFileReference; fileEncoding = 4; lastKnownFileType = sourcecode.c.objc; path = LembreteViewController.m; sourceTree = "<group>"; };
		8C9CB2DF1AC4725D001FCD84 /* HorariosViewController.h */ = {isa = PBXFileReference; fileEncoding = 4; lastKnownFileType = sourcecode.c.h; path = HorariosViewController.h; sourceTree = "<group>"; };
		8C9CB2E01AC4725D001FCD84 /* HorariosViewController.m */ = {isa = PBXFileReference; fileEncoding = 4; lastKnownFileType = sourcecode.c.objc; path = HorariosViewController.m; sourceTree = "<group>"; };
		D509A8761AC46E8A00136CED /* TableViewCell.h */ = {isa = PBXFileReference; fileEncoding = 4; lastKnownFileType = sourcecode.c.h; path = TableViewCell.h; sourceTree = "<group>"; };
		D509A8771AC46E8A00136CED /* TableViewCell.m */ = {isa = PBXFileReference; fileEncoding = 4; lastKnownFileType = sourcecode.c.objc; path = TableViewCell.m; sourceTree = "<group>"; };
		D538529B1AC31CD10015BC19 /* RemedioJa.app */ = {isa = PBXFileReference; explicitFileType = wrapper.application; includeInIndex = 0; path = RemedioJa.app; sourceTree = BUILT_PRODUCTS_DIR; };
		D538529F1AC31CD10015BC19 /* Info.plist */ = {isa = PBXFileReference; lastKnownFileType = text.plist.xml; path = Info.plist; sourceTree = "<group>"; };
		D53852A01AC31CD10015BC19 /* main.m */ = {isa = PBXFileReference; lastKnownFileType = sourcecode.c.objc; path = main.m; sourceTree = "<group>"; };
		D53852A21AC31CD10015BC19 /* AppDelegate.h */ = {isa = PBXFileReference; lastKnownFileType = sourcecode.c.h; path = AppDelegate.h; sourceTree = "<group>"; };
		D53852A31AC31CD10015BC19 /* AppDelegate.m */ = {isa = PBXFileReference; lastKnownFileType = sourcecode.c.objc; path = AppDelegate.m; sourceTree = "<group>"; };
		D53852A51AC31CD10015BC19 /* MasterViewController.h */ = {isa = PBXFileReference; lastKnownFileType = sourcecode.c.h; path = MasterViewController.h; sourceTree = "<group>"; };
		D53852A61AC31CD10015BC19 /* MasterViewController.m */ = {isa = PBXFileReference; lastKnownFileType = sourcecode.c.objc; path = MasterViewController.m; sourceTree = "<group>"; };
		D53852A81AC31CD10015BC19 /* DetailViewController.h */ = {isa = PBXFileReference; lastKnownFileType = sourcecode.c.h; path = DetailViewController.h; sourceTree = "<group>"; };
		D53852A91AC31CD10015BC19 /* DetailViewController.m */ = {isa = PBXFileReference; lastKnownFileType = sourcecode.c.objc; path = DetailViewController.m; sourceTree = "<group>"; };
		D53852AC1AC31CD10015BC19 /* Base */ = {isa = PBXFileReference; lastKnownFileType = file.storyboard; name = Base; path = Base.lproj/Main.storyboard; sourceTree = "<group>"; };
		D53852AE1AC31CD10015BC19 /* Images.xcassets */ = {isa = PBXFileReference; lastKnownFileType = folder.assetcatalog; path = Images.xcassets; sourceTree = "<group>"; };
		D53852B11AC31CD10015BC19 /* Base */ = {isa = PBXFileReference; lastKnownFileType = file.xib; name = Base; path = Base.lproj/LaunchScreen.xib; sourceTree = "<group>"; };
		D53852B71AC31CD10015BC19 /* RemedioJaTests.xctest */ = {isa = PBXFileReference; explicitFileType = wrapper.cfbundle; includeInIndex = 0; path = RemedioJaTests.xctest; sourceTree = BUILT_PRODUCTS_DIR; };
		D53852BC1AC31CD10015BC19 /* Info.plist */ = {isa = PBXFileReference; lastKnownFileType = text.plist.xml; path = Info.plist; sourceTree = "<group>"; };
		D53852BD1AC31CD10015BC19 /* RemedioJaTests.m */ = {isa = PBXFileReference; lastKnownFileType = sourcecode.c.objc; path = RemedioJaTests.m; sourceTree = "<group>"; };
		D53852C71AC31CE90015BC19 /* libxml2.dylib */ = {isa = PBXFileReference; lastKnownFileType = "compiled.mach-o.dylib"; name = libxml2.dylib; path = usr/lib/libxml2.dylib; sourceTree = SDKROOT; };
		D53852C91AC31CFE0015BC19 /* TFHpple.h */ = {isa = PBXFileReference; fileEncoding = 4; lastKnownFileType = sourcecode.c.h; path = TFHpple.h; sourceTree = "<group>"; };
		D53852CA1AC31CFE0015BC19 /* TFHpple.m */ = {isa = PBXFileReference; fileEncoding = 4; lastKnownFileType = sourcecode.c.objc; path = TFHpple.m; sourceTree = "<group>"; };
		D53852CB1AC31CFE0015BC19 /* TFHppleElement.h */ = {isa = PBXFileReference; fileEncoding = 4; lastKnownFileType = sourcecode.c.h; path = TFHppleElement.h; sourceTree = "<group>"; };
		D53852CC1AC31CFE0015BC19 /* TFHppleElement.m */ = {isa = PBXFileReference; fileEncoding = 4; lastKnownFileType = sourcecode.c.objc; path = TFHppleElement.m; sourceTree = "<group>"; };
		D53852CD1AC31CFE0015BC19 /* XPathQuery.h */ = {isa = PBXFileReference; fileEncoding = 4; lastKnownFileType = sourcecode.c.h; path = XPathQuery.h; sourceTree = "<group>"; };
		D53852CE1AC31CFE0015BC19 /* XPathQuery.m */ = {isa = PBXFileReference; fileEncoding = 4; lastKnownFileType = sourcecode.c.objc; path = XPathQuery.m; sourceTree = "<group>"; };
		D53852D81AC31F2B0015BC19 /* Farmacia.h */ = {isa = PBXFileReference; fileEncoding = 4; lastKnownFileType = sourcecode.c.h; path = Farmacia.h; sourceTree = "<group>"; };
		D53852D91AC31F2B0015BC19 /* Farmacia.m */ = {isa = PBXFileReference; fileEncoding = 4; lastKnownFileType = sourcecode.c.objc; path = Farmacia.m; sourceTree = "<group>"; };
		D53852DB1AC32FA30015BC19 /* Remedio.h */ = {isa = PBXFileReference; fileEncoding = 4; lastKnownFileType = sourcecode.c.h; path = Remedio.h; sourceTree = "<group>"; };
		D53852DC1AC32FA30015BC19 /* Remedio.m */ = {isa = PBXFileReference; fileEncoding = 4; lastKnownFileType = sourcecode.c.objc; path = Remedio.m; sourceTree = "<group>"; };
		D5C1129E1AC4D01100BB8A0F /* FamaciaCell.h */ = {isa = PBXFileReference; fileEncoding = 4; lastKnownFileType = sourcecode.c.h; path = FamaciaCell.h; sourceTree = "<group>"; };
		D5C1129F1AC4D01100BB8A0F /* FamaciaCell.m */ = {isa = PBXFileReference; fileEncoding = 4; lastKnownFileType = sourcecode.c.objc; path = FamaciaCell.m; sourceTree = "<group>"; };
		D5C112A11AC4E7A200BB8A0F /* WebViewController.h */ = {isa = PBXFileReference; fileEncoding = 4; lastKnownFileType = sourcecode.c.h; path = WebViewController.h; sourceTree = "<group>"; };
		D5C112A21AC4E7A200BB8A0F /* WebViewController.m */ = {isa = PBXFileReference; fileEncoding = 4; lastKnownFileType = sourcecode.c.objc; path = WebViewController.m; sourceTree = "<group>"; };
/* End PBXFileReference section */

/* Begin PBXFrameworksBuildPhase section */
		D53852981AC31CD10015BC19 /* Frameworks */ = {
			isa = PBXFrameworksBuildPhase;
			buildActionMask = 2147483647;
			files = (
				D53852C81AC31CE90015BC19 /* libxml2.dylib in Frameworks */,
			);
			runOnlyForDeploymentPostprocessing = 0;
		};
		D53852B41AC31CD10015BC19 /* Frameworks */ = {
			isa = PBXFrameworksBuildPhase;
			buildActionMask = 2147483647;
			files = (
			);
			runOnlyForDeploymentPostprocessing = 0;
		};
/* End PBXFrameworksBuildPhase section */

/* Begin PBXGroup section */
		D53852921AC31CD10015BC19 = {
			isa = PBXGroup;
			children = (
				D53852C71AC31CE90015BC19 /* libxml2.dylib */,
				D53852D21AC31D030015BC19 /* Hpple */,
				D538529D1AC31CD10015BC19 /* RemedioJa */,
				D53852BA1AC31CD10015BC19 /* RemedioJaTests */,
				D538529C1AC31CD10015BC19 /* Products */,
			);
			sourceTree = "<group>";
		};
		D538529C1AC31CD10015BC19 /* Products */ = {
			isa = PBXGroup;
			children = (
				D538529B1AC31CD10015BC19 /* RemedioJa.app */,
				D53852B71AC31CD10015BC19 /* RemedioJaTests.xctest */,
			);
			name = Products;
			sourceTree = "<group>";
		};
		D538529D1AC31CD10015BC19 /* RemedioJa */ = {
			isa = PBXGroup;
			children = (
				D53852D31AC31EED0015BC19 /* Classes */,
				D53852A21AC31CD10015BC19 /* AppDelegate.h */,
				D53852A31AC31CD10015BC19 /* AppDelegate.m */,
				D509A8761AC46E8A00136CED /* TableViewCell.h */,
				D509A8771AC46E8A00136CED /* TableViewCell.m */,
				D5C1129E1AC4D01100BB8A0F /* FamaciaCell.h */,
				D5C1129F1AC4D01100BB8A0F /* FamaciaCell.m */,
				D53852A51AC31CD10015BC19 /* MasterViewController.h */,
				D53852A61AC31CD10015BC19 /* MasterViewController.m */,
				D53852A81AC31CD10015BC19 /* DetailViewController.h */,
				D53852A91AC31CD10015BC19 /* DetailViewController.m */,
				D5C112A11AC4E7A200BB8A0F /* WebViewController.h */,
				D5C112A21AC4E7A200BB8A0F /* WebViewController.m */,
				8C9CB2DF1AC4725D001FCD84 /* HorariosViewController.h */,
				8C9CB2E01AC4725D001FCD84 /* HorariosViewController.m */,
				8C9CB2DC1AC47048001FCD84 /* LembreteViewController.h */,
				8C9CB2DD1AC47048001FCD84 /* LembreteViewController.m */,
				D53852AB1AC31CD10015BC19 /* Main.storyboard */,
				D53852AE1AC31CD10015BC19 /* Images.xcassets */,
				D53852B01AC31CD10015BC19 /* LaunchScreen.xib */,
				D538529E1AC31CD10015BC19 /* Supporting Files */,
			);
			path = RemedioJa;
			sourceTree = "<group>";
		};
		D538529E1AC31CD10015BC19 /* Supporting Files */ = {
			isa = PBXGroup;
			children = (
				D538529F1AC31CD10015BC19 /* Info.plist */,
				D53852A01AC31CD10015BC19 /* main.m */,
			);
			name = "Supporting Files";
			sourceTree = "<group>";
		};
		D53852BA1AC31CD10015BC19 /* RemedioJaTests */ = {
			isa = PBXGroup;
			children = (
				D53852BD1AC31CD10015BC19 /* RemedioJaTests.m */,
				D53852BB1AC31CD10015BC19 /* Supporting Files */,
			);
			path = RemedioJaTests;
			sourceTree = "<group>";
		};
		D53852BB1AC31CD10015BC19 /* Supporting Files */ = {
			isa = PBXGroup;
			children = (
				D53852BC1AC31CD10015BC19 /* Info.plist */,
			);
			name = "Supporting Files";
			sourceTree = "<group>";
		};
		D53852D21AC31D030015BC19 /* Hpple */ = {
			isa = PBXGroup;
			children = (
				D53852C91AC31CFE0015BC19 /* TFHpple.h */,
				D53852CA1AC31CFE0015BC19 /* TFHpple.m */,
				D53852CB1AC31CFE0015BC19 /* TFHppleElement.h */,
				D53852CC1AC31CFE0015BC19 /* TFHppleElement.m */,
				D53852CD1AC31CFE0015BC19 /* XPathQuery.h */,
				D53852CE1AC31CFE0015BC19 /* XPathQuery.m */,
			);
			name = Hpple;
			sourceTree = "<group>";
		};
		D53852D31AC31EED0015BC19 /* Classes */ = {
			isa = PBXGroup;
			children = (
				D53852DB1AC32FA30015BC19 /* Remedio.h */,
				D53852DC1AC32FA30015BC19 /* Remedio.m */,
				D53852D81AC31F2B0015BC19 /* Farmacia.h */,
				D53852D91AC31F2B0015BC19 /* Farmacia.m */,
			);
			name = Classes;
			sourceTree = "<group>";
		};
/* End PBXGroup section */

/* Begin PBXNativeTarget section */
		D538529A1AC31CD10015BC19 /* RemedioJa */ = {
			isa = PBXNativeTarget;
			buildConfigurationList = D53852C11AC31CD10015BC19 /* Build configuration list for PBXNativeTarget "RemedioJa" */;
			buildPhases = (
				D53852971AC31CD10015BC19 /* Sources */,
				D53852981AC31CD10015BC19 /* Frameworks */,
				D53852991AC31CD10015BC19 /* Resources */,
			);
			buildRules = (
			);
			dependencies = (
			);
			name = RemedioJa;
			productName = RemedioJa;
			productReference = D538529B1AC31CD10015BC19 /* RemedioJa.app */;
			productType = "com.apple.product-type.application";
		};
		D53852B61AC31CD10015BC19 /* RemedioJaTests */ = {
			isa = PBXNativeTarget;
			buildConfigurationList = D53852C41AC31CD10015BC19 /* Build configuration list for PBXNativeTarget "RemedioJaTests" */;
			buildPhases = (
				D53852B31AC31CD10015BC19 /* Sources */,
				D53852B41AC31CD10015BC19 /* Frameworks */,
				D53852B51AC31CD10015BC19 /* Resources */,
			);
			buildRules = (
			);
			dependencies = (
				D53852B91AC31CD10015BC19 /* PBXTargetDependency */,
			);
			name = RemedioJaTests;
			productName = RemedioJaTests;
			productReference = D53852B71AC31CD10015BC19 /* RemedioJaTests.xctest */;
			productType = "com.apple.product-type.bundle.unit-test";
		};
/* End PBXNativeTarget section */

/* Begin PBXProject section */
		D53852931AC31CD10015BC19 /* Project object */ = {
			isa = PBXProject;
			attributes = {
				LastUpgradeCheck = 0620;
				ORGANIZATIONNAME = Remedito;
				TargetAttributes = {
					D538529A1AC31CD10015BC19 = {
						CreatedOnToolsVersion = 6.2;
					};
					D53852B61AC31CD10015BC19 = {
						CreatedOnToolsVersion = 6.2;
						TestTargetID = D538529A1AC31CD10015BC19;
					};
				};
			};
			buildConfigurationList = D53852961AC31CD10015BC19 /* Build configuration list for PBXProject "RemedioJa" */;
			compatibilityVersion = "Xcode 3.2";
			developmentRegion = English;
			hasScannedForEncodings = 0;
			knownRegions = (
				en,
				Base,
			);
			mainGroup = D53852921AC31CD10015BC19;
			productRefGroup = D538529C1AC31CD10015BC19 /* Products */;
			projectDirPath = "";
			projectRoot = "";
			targets = (
				D538529A1AC31CD10015BC19 /* RemedioJa */,
				D53852B61AC31CD10015BC19 /* RemedioJaTests */,
			);
		};
/* End PBXProject section */

/* Begin PBXResourcesBuildPhase section */
		D53852991AC31CD10015BC19 /* Resources */ = {
			isa = PBXResourcesBuildPhase;
			buildActionMask = 2147483647;
			files = (
				D53852AD1AC31CD10015BC19 /* Main.storyboard in Resources */,
				D53852B21AC31CD10015BC19 /* LaunchScreen.xib in Resources */,
				D53852AF1AC31CD10015BC19 /* Images.xcassets in Resources */,
			);
			runOnlyForDeploymentPostprocessing = 0;
		};
		D53852B51AC31CD10015BC19 /* Resources */ = {
			isa = PBXResourcesBuildPhase;
			buildActionMask = 2147483647;
			files = (
			);
			runOnlyForDeploymentPostprocessing = 0;
		};
/* End PBXResourcesBuildPhase section */

/* Begin PBXSourcesBuildPhase section */
		D53852971AC31CD10015BC19 /* Sources */ = {
			isa = PBXSourcesBuildPhase;
			buildActionMask = 2147483647;
			files = (
				D53852DA1AC31F2B0015BC19 /* Farmacia.m in Sources */,
				D5C112A31AC4E7A200BB8A0F /* WebViewController.m in Sources */,
				D53852D01AC31CFE0015BC19 /* TFHppleElement.m in Sources */,
				D53852D11AC31CFE0015BC19 /* XPathQuery.m in Sources */,
				D509A8781AC46E8A00136CED /* TableViewCell.m in Sources */,
				D53852CF1AC31CFE0015BC19 /* TFHpple.m in Sources */,
				8C9CB2E11AC4725D001FCD84 /* HorariosViewController.m in Sources */,
				D53852A41AC31CD10015BC19 /* AppDelegate.m in Sources */,
				D53852A71AC31CD10015BC19 /* MasterViewController.m in Sources */,
				D53852A11AC31CD10015BC19 /* main.m in Sources */,
				D53852AA1AC31CD10015BC19 /* DetailViewController.m in Sources */,
				D53852DD1AC32FA30015BC19 /* Remedio.m in Sources */,
				8C9CB2DE1AC47048001FCD84 /* LembreteViewController.m in Sources */,
				D5C112A01AC4D01100BB8A0F /* FamaciaCell.m in Sources */,
			);
			runOnlyForDeploymentPostprocessing = 0;
		};
		D53852B31AC31CD10015BC19 /* Sources */ = {
			isa = PBXSourcesBuildPhase;
			buildActionMask = 2147483647;
			files = (
				D53852BE1AC31CD10015BC19 /* RemedioJaTests.m in Sources */,
			);
			runOnlyForDeploymentPostprocessing = 0;
		};
/* End PBXSourcesBuildPhase section */

/* Begin PBXTargetDependency section */
		D53852B91AC31CD10015BC19 /* PBXTargetDependency */ = {
			isa = PBXTargetDependency;
			target = D538529A1AC31CD10015BC19 /* RemedioJa */;
			targetProxy = D53852B81AC31CD10015BC19 /* PBXContainerItemProxy */;
		};
/* End PBXTargetDependency section */

/* Begin PBXVariantGroup section */
		D53852AB1AC31CD10015BC19 /* Main.storyboard */ = {
			isa = PBXVariantGroup;
			children = (
				D53852AC1AC31CD10015BC19 /* Base */,
			);
			name = Main.storyboard;
			sourceTree = "<group>";
		};
		D53852B01AC31CD10015BC19 /* LaunchScreen.xib */ = {
			isa = PBXVariantGroup;
			children = (
				D53852B11AC31CD10015BC19 /* Base */,
			);
			name = LaunchScreen.xib;
			sourceTree = "<group>";
		};
/* End PBXVariantGroup section */

/* Begin XCBuildConfiguration section */
		D53852BF1AC31CD10015BC19 /* Debug */ = {
			isa = XCBuildConfiguration;
			buildSettings = {
				ALWAYS_SEARCH_USER_PATHS = NO;
				CLANG_CXX_LANGUAGE_STANDARD = "gnu++0x";
				CLANG_CXX_LIBRARY = "libc++";
				CLANG_ENABLE_MODULES = YES;
				CLANG_ENABLE_OBJC_ARC = YES;
				CLANG_WARN_BOOL_CONVERSION = YES;
				CLANG_WARN_CONSTANT_CONVERSION = YES;
				CLANG_WARN_DIRECT_OBJC_ISA_USAGE = YES_ERROR;
				CLANG_WARN_EMPTY_BODY = YES;
				CLANG_WARN_ENUM_CONVERSION = YES;
				CLANG_WARN_INT_CONVERSION = YES;
				CLANG_WARN_OBJC_ROOT_CLASS = YES_ERROR;
				CLANG_WARN_UNREACHABLE_CODE = YES;
				CLANG_WARN__DUPLICATE_METHOD_MATCH = YES;
				"CODE_SIGN_IDENTITY[sdk=iphoneos*]" = "iPhone Developer";
				COPY_PHASE_STRIP = NO;
				ENABLE_STRICT_OBJC_MSGSEND = YES;
				GCC_C_LANGUAGE_STANDARD = gnu99;
				GCC_DYNAMIC_NO_PIC = NO;
				GCC_OPTIMIZATION_LEVEL = 0;
				GCC_PREPROCESSOR_DEFINITIONS = (
					"DEBUG=1",
					"$(inherited)",
				);
				GCC_SYMBOLS_PRIVATE_EXTERN = NO;
				GCC_WARN_64_TO_32_BIT_CONVERSION = YES;
				GCC_WARN_ABOUT_RETURN_TYPE = YES_ERROR;
				GCC_WARN_UNDECLARED_SELECTOR = YES;
				GCC_WARN_UNINITIALIZED_AUTOS = YES_AGGRESSIVE;
				GCC_WARN_UNUSED_FUNCTION = YES;
				GCC_WARN_UNUSED_VARIABLE = YES;
				HEADER_SEARCH_PATHS = (
					"$(inherited)",
					/Applications/Xcode.app/Contents/Developer/Toolchains/XcodeDefault.xctoolchain/usr/include,
					"$(SDKROOT)/usr/include/libxml2",
				);
				IPHONEOS_DEPLOYMENT_TARGET = 8.2;
				MTL_ENABLE_DEBUG_INFO = YES;
				ONLY_ACTIVE_ARCH = YES;
				SDKROOT = iphoneos;
			};
			name = Debug;
		};
		D53852C01AC31CD10015BC19 /* Release */ = {
			isa = XCBuildConfiguration;
			buildSettings = {
				ALWAYS_SEARCH_USER_PATHS = NO;
				CLANG_CXX_LANGUAGE_STANDARD = "gnu++0x";
				CLANG_CXX_LIBRARY = "libc++";
				CLANG_ENABLE_MODULES = YES;
				CLANG_ENABLE_OBJC_ARC = YES;
				CLANG_WARN_BOOL_CONVERSION = YES;
				CLANG_WARN_CONSTANT_CONVERSION = YES;
				CLANG_WARN_DIRECT_OBJC_ISA_USAGE = YES_ERROR;
				CLANG_WARN_EMPTY_BODY = YES;
				CLANG_WARN_ENUM_CONVERSION = YES;
				CLANG_WARN_INT_CONVERSION = YES;
				CLANG_WARN_OBJC_ROOT_CLASS = YES_ERROR;
				CLANG_WARN_UNREACHABLE_CODE = YES;
				CLANG_WARN__DUPLICATE_METHOD_MATCH = YES;
				"CODE_SIGN_IDENTITY[sdk=iphoneos*]" = "iPhone Developer";
				COPY_PHASE_STRIP = NO;
				ENABLE_NS_ASSERTIONS = NO;
				ENABLE_STRICT_OBJC_MSGSEND = YES;
				GCC_C_LANGUAGE_STANDARD = gnu99;
				GCC_WARN_64_TO_32_BIT_CONVERSION = YES;
				GCC_WARN_ABOUT_RETURN_TYPE = YES_ERROR;
				GCC_WARN_UNDECLARED_SELECTOR = YES;
				GCC_WARN_UNINITIALIZED_AUTOS = YES_AGGRESSIVE;
				GCC_WARN_UNUSED_FUNCTION = YES;
				GCC_WARN_UNUSED_VARIABLE = YES;
				HEADER_SEARCH_PATHS = (
					"$(inherited)",
					/Applications/Xcode.app/Contents/Developer/Toolchains/XcodeDefault.xctoolchain/usr/include,
					"$(SDKROOT)/usr/include/libxml2",
				);
				IPHONEOS_DEPLOYMENT_TARGET = 8.2;
				MTL_ENABLE_DEBUG_INFO = NO;
				SDKROOT = iphoneos;
				VALIDATE_PRODUCT = YES;
			};
			name = Release;
		};
		D53852C21AC31CD10015BC19 /* Debug */ = {
			isa = XCBuildConfiguration;
			buildSettings = {
				ASSETCATALOG_COMPILER_APPICON_NAME = AppIcon;
				INFOPLIST_FILE = RemedioJa/Info.plist;
				LD_RUNPATH_SEARCH_PATHS = "$(inherited) @executable_path/Frameworks";
				PRODUCT_NAME = "$(TARGET_NAME)";
			};
			name = Debug;
		};
		D53852C31AC31CD10015BC19 /* Release */ = {
			isa = XCBuildConfiguration;
			buildSettings = {
				ASSETCATALOG_COMPILER_APPICON_NAME = AppIcon;
				INFOPLIST_FILE = RemedioJa/Info.plist;
				LD_RUNPATH_SEARCH_PATHS = "$(inherited) @executable_path/Frameworks";
				PRODUCT_NAME = "$(TARGET_NAME)";
			};
			name = Release;
		};
		D53852C51AC31CD10015BC19 /* Debug */ = {
			isa = XCBuildConfiguration;
			buildSettings = {
				BUNDLE_LOADER = "$(TEST_HOST)";
				FRAMEWORK_SEARCH_PATHS = (
					"$(SDKROOT)/Developer/Library/Frameworks",
					"$(inherited)",
				);
				GCC_PREPROCESSOR_DEFINITIONS = (
					"DEBUG=1",
					"$(inherited)",
				);
				INFOPLIST_FILE = RemedioJaTests/Info.plist;
				LD_RUNPATH_SEARCH_PATHS = "$(inherited) @executable_path/Frameworks @loader_path/Frameworks";
				PRODUCT_NAME = "$(TARGET_NAME)";
				TEST_HOST = "$(BUILT_PRODUCTS_DIR)/RemedioJa.app/RemedioJa";
			};
			name = Debug;
		};
		D53852C61AC31CD10015BC19 /* Release */ = {
			isa = XCBuildConfiguration;
			buildSettings = {
				BUNDLE_LOADER = "$(TEST_HOST)";
				FRAMEWORK_SEARCH_PATHS = (
					"$(SDKROOT)/Developer/Library/Frameworks",
					"$(inherited)",
				);
				INFOPLIST_FILE = RemedioJaTests/Info.plist;
				LD_RUNPATH_SEARCH_PATHS = "$(inherited) @executable_path/Frameworks @loader_path/Frameworks";
				PRODUCT_NAME = "$(TARGET_NAME)";
				TEST_HOST = "$(BUILT_PRODUCTS_DIR)/RemedioJa.app/RemedioJa";
			};
			name = Release;
		};
/* End XCBuildConfiguration section */

/* Begin XCConfigurationList section */
		D53852961AC31CD10015BC19 /* Build configuration list for PBXProject "RemedioJa" */ = {
			isa = XCConfigurationList;
			buildConfigurations = (
				D53852BF1AC31CD10015BC19 /* Debug */,
				D53852C01AC31CD10015BC19 /* Release */,
			);
			defaultConfigurationIsVisible = 0;
			defaultConfigurationName = Release;
		};
		D53852C11AC31CD10015BC19 /* Build configuration list for PBXNativeTarget "RemedioJa" */ = {
			isa = XCConfigurationList;
			buildConfigurations = (
				D53852C21AC31CD10015BC19 /* Debug */,
				D53852C31AC31CD10015BC19 /* Release */,
			);
			defaultConfigurationIsVisible = 0;
			defaultConfigurationName = Release;
		};
		D53852C41AC31CD10015BC19 /* Build configuration list for PBXNativeTarget "RemedioJaTests" */ = {
			isa = XCConfigurationList;
			buildConfigurations = (
				D53852C51AC31CD10015BC19 /* Debug */,
				D53852C61AC31CD10015BC19 /* Release */,
			);
			defaultConfigurationIsVisible = 0;
			defaultConfigurationName = Release;
		};
/* End XCConfigurationList section */
	};
	rootObject = D53852931AC31CD10015BC19 /* Project object */;
}
